// !$*UTF8*$!
{
	archiveVersion = 1;
	classes = {
	};
	objectVersion = 55;
	objects = {

/* Begin PBXBuildFile section */
		EE9BBEF7285A4772006CF45B /* AppDelegate.m in Sources */ = {isa = PBXBuildFile; fileRef = EE9BBEF6285A4772006CF45B /* AppDelegate.m */; };
		EE9BBEFA285A4772006CF45B /* SceneDelegate.m in Sources */ = {isa = PBXBuildFile; fileRef = EE9BBEF9285A4772006CF45B /* SceneDelegate.m */; };
		EE9BBEFD285A4772006CF45B /* ViewController.m in Sources */ = {isa = PBXBuildFile; fileRef = EE9BBEFC285A4772006CF45B /* ViewController.m */; };
		EE9BBF00285A4772006CF45B /* Main.storyboard in Resources */ = {isa = PBXBuildFile; fileRef = EE9BBEFE285A4772006CF45B /* Main.storyboard */; };
		EE9BBF02285A4774006CF45B /* Assets.xcassets in Resources */ = {isa = PBXBuildFile; fileRef = EE9BBF01285A4774006CF45B /* Assets.xcassets */; };
		EE9BBF05285A4774006CF45B /* LaunchScreen.storyboard in Resources */ = {isa = PBXBuildFile; fileRef = EE9BBF03285A4774006CF45B /* LaunchScreen.storyboard */; };
		EE9BBF08285A4774006CF45B /* main.m in Sources */ = {isa = PBXBuildFile; fileRef = EE9BBF07285A4774006CF45B /* main.m */; };
		EE9BBF12285A4774006CF45B /* FlixterTests.m in Sources */ = {isa = PBXBuildFile; fileRef = EE9BBF11285A4774006CF45B /* FlixterTests.m */; };
		EE9BBF1C285A4774006CF45B /* FlixterUITests.m in Sources */ = {isa = PBXBuildFile; fileRef = EE9BBF1B285A4774006CF45B /* FlixterUITests.m */; };
		EE9BBF1E285A4774006CF45B /* FlixterUITestsLaunchTests.m in Sources */ = {isa = PBXBuildFile; fileRef = EE9BBF1D285A4774006CF45B /* FlixterUITestsLaunchTests.m */; };
/* End PBXBuildFile section */

/* Begin PBXContainerItemProxy section */
		EE9BBF0E285A4774006CF45B /* PBXContainerItemProxy */ = {
			isa = PBXContainerItemProxy;
			containerPortal = EE9BBEEA285A4772006CF45B /* Project object */;
			proxyType = 1;
			remoteGlobalIDString = EE9BBEF1285A4772006CF45B;
			remoteInfo = Flixter;
		};
		EE9BBF18285A4774006CF45B /* PBXContainerItemProxy */ = {
			isa = PBXContainerItemProxy;
			containerPortal = EE9BBEEA285A4772006CF45B /* Project object */;
			proxyType = 1;
			remoteGlobalIDString = EE9BBEF1285A4772006CF45B;
			remoteInfo = Flixter;
		};
/* End PBXContainerItemProxy section */

/* Begin PBXFileReference section */
		EE9BBEF2285A4772006CF45B /* Flixter.app */ = {isa = PBXFileReference; explicitFileType = wrapper.application; includeInIndex = 0; path = Flixter.app; sourceTree = BUILT_PRODUCTS_DIR; };
		EE9BBEF5285A4772006CF45B /* AppDelegate.h */ = {isa = PBXFileReference; lastKnownFileType = sourcecode.c.h; path = AppDelegate.h; sourceTree = "<group>"; };
		EE9BBEF6285A4772006CF45B /* AppDelegate.m */ = {isa = PBXFileReference; lastKnownFileType = sourcecode.c.objc; path = AppDelegate.m; sourceTree = "<group>"; };
		EE9BBEF8285A4772006CF45B /* SceneDelegate.h */ = {isa = PBXFileReference; lastKnownFileType = sourcecode.c.h; path = SceneDelegate.h; sourceTree = "<group>"; };
		EE9BBEF9285A4772006CF45B /* SceneDelegate.m */ = {isa = PBXFileReference; lastKnownFileType = sourcecode.c.objc; path = SceneDelegate.m; sourceTree = "<group>"; };
		EE9BBEFB285A4772006CF45B /* ViewController.h */ = {isa = PBXFileReference; lastKnownFileType = sourcecode.c.h; path = ViewController.h; sourceTree = "<group>"; };
		EE9BBEFC285A4772006CF45B /* ViewController.m */ = {isa = PBXFileReference; lastKnownFileType = sourcecode.c.objc; path = ViewController.m; sourceTree = "<group>"; };
		EE9BBEFF285A4772006CF45B /* Base */ = {isa = PBXFileReference; lastKnownFileType = file.storyboard; name = Base; path = Base.lproj/Main.storyboard; sourceTree = "<group>"; };
		EE9BBF01285A4774006CF45B /* Assets.xcassets */ = {isa = PBXFileReference; lastKnownFileType = folder.assetcatalog; path = Assets.xcassets; sourceTree = "<group>"; };
		EE9BBF04285A4774006CF45B /* Base */ = {isa = PBXFileReference; lastKnownFileType = file.storyboard; name = Base; path = Base.lproj/LaunchScreen.storyboard; sourceTree = "<group>"; };
		EE9BBF06285A4774006CF45B /* Info.plist */ = {isa = PBXFileReference; lastKnownFileType = text.plist.xml; path = Info.plist; sourceTree = "<group>"; };
		EE9BBF07285A4774006CF45B /* main.m */ = {isa = PBXFileReference; lastKnownFileType = sourcecode.c.objc; path = main.m; sourceTree = "<group>"; };
		EE9BBF0D285A4774006CF45B /* FlixterTests.xctest */ = {isa = PBXFileReference; explicitFileType = wrapper.cfbundle; includeInIndex = 0; path = FlixterTests.xctest; sourceTree = BUILT_PRODUCTS_DIR; };
		EE9BBF11285A4774006CF45B /* FlixterTests.m */ = {isa = PBXFileReference; lastKnownFileType = sourcecode.c.objc; path = FlixterTests.m; sourceTree = "<group>"; };
		EE9BBF17285A4774006CF45B /* FlixterUITests.xctest */ = {isa = PBXFileReference; explicitFileType = wrapper.cfbundle; includeInIndex = 0; path = FlixterUITests.xctest; sourceTree = BUILT_PRODUCTS_DIR; };
		EE9BBF1B285A4774006CF45B /* FlixterUITests.m */ = {isa = PBXFileReference; lastKnownFileType = sourcecode.c.objc; path = FlixterUITests.m; sourceTree = "<group>"; };
		EE9BBF1D285A4774006CF45B /* FlixterUITestsLaunchTests.m */ = {isa = PBXFileReference; lastKnownFileType = sourcecode.c.objc; path = FlixterUITestsLaunchTests.m; sourceTree = "<group>"; };
/* End PBXFileReference section */

/* Begin PBXFrameworksBuildPhase section */
		EE9BBEEF285A4772006CF45B /* Frameworks */ = {
			isa = PBXFrameworksBuildPhase;
			buildActionMask = 2147483647;
			files = (
			);
			runOnlyForDeploymentPostprocessing = 0;
		};
		EE9BBF0A285A4774006CF45B /* Frameworks */ = {
			isa = PBXFrameworksBuildPhase;
			buildActionMask = 2147483647;
			files = (
			);
			runOnlyForDeploymentPostprocessing = 0;
		};
		EE9BBF14285A4774006CF45B /* Frameworks */ = {
			isa = PBXFrameworksBuildPhase;
			buildActionMask = 2147483647;
			files = (
			);
			runOnlyForDeploymentPostprocessing = 0;
		};
/* End PBXFrameworksBuildPhase section */

/* Begin PBXGroup section */
		EE9BBEE9285A4772006CF45B = {
			isa = PBXGroup;
			children = (
				EE9BBEF4285A4772006CF45B /* Flixter */,
				EE9BBF10285A4774006CF45B /* FlixterTests */,
				EE9BBF1A285A4774006CF45B /* FlixterUITests */,
				EE9BBEF3285A4772006CF45B /* Products */,
			);
			sourceTree = "<group>";
		};
		EE9BBEF3285A4772006CF45B /* Products */ = {
			isa = PBXGroup;
			children = (
				EE9BBEF2285A4772006CF45B /* Flixter.app */,
				EE9BBF0D285A4774006CF45B /* FlixterTests.xctest */,
				EE9BBF17285A4774006CF45B /* FlixterUITests.xctest */,
			);
			name = Products;
			sourceTree = "<group>";
		};
		EE9BBEF4285A4772006CF45B /* Flixter */ = {
			isa = PBXGroup;
			children = (
				EE9BBEF5285A4772006CF45B /* AppDelegate.h */,
				EE9BBEF6285A4772006CF45B /* AppDelegate.m */,
				EE9BBEF8285A4772006CF45B /* SceneDelegate.h */,
				EE9BBEF9285A4772006CF45B /* SceneDelegate.m */,
				EE9BBEFB285A4772006CF45B /* ViewController.h */,
				EE9BBEFC285A4772006CF45B /* ViewController.m */,
				EE9BBEFE285A4772006CF45B /* Main.storyboard */,
				EE9BBF01285A4774006CF45B /* Assets.xcassets */,
				EE9BBF03285A4774006CF45B /* LaunchScreen.storyboard */,
				EE9BBF06285A4774006CF45B /* Info.plist */,
				EE9BBF07285A4774006CF45B /* main.m */,
			);
			path = Flixter;
			sourceTree = "<group>";
		};
		EE9BBF10285A4774006CF45B /* FlixterTests */ = {
			isa = PBXGroup;
			children = (
				EE9BBF11285A4774006CF45B /* FlixterTests.m */,
			);
			path = FlixterTests;
			sourceTree = "<group>";
		};
		EE9BBF1A285A4774006CF45B /* FlixterUITests */ = {
			isa = PBXGroup;
			children = (
				EE9BBF1B285A4774006CF45B /* FlixterUITests.m */,
				EE9BBF1D285A4774006CF45B /* FlixterUITestsLaunchTests.m */,
			);
			path = FlixterUITests;
			sourceTree = "<group>";
		};
/* End PBXGroup section */

/* Begin PBXNativeTarget section */
		EE9BBEF1285A4772006CF45B /* Flixter */ = {
			isa = PBXNativeTarget;
			buildConfigurationList = EE9BBF21285A4774006CF45B /* Build configuration list for PBXNativeTarget "Flixter" */;
			buildPhases = (
				EE9BBEEE285A4772006CF45B /* Sources */,
				EE9BBEEF285A4772006CF45B /* Frameworks */,
				EE9BBEF0285A4772006CF45B /* Resources */,
			);
			buildRules = (
			);
			dependencies = (
			);
			name = Flixter;
			productName = Flixter;
			productReference = EE9BBEF2285A4772006CF45B /* Flixter.app */;
			productType = "com.apple.product-type.application";
		};
		EE9BBF0C285A4774006CF45B /* FlixterTests */ = {
			isa = PBXNativeTarget;
			buildConfigurationList = EE9BBF24285A4774006CF45B /* Build configuration list for PBXNativeTarget "FlixterTests" */;
			buildPhases = (
				EE9BBF09285A4774006CF45B /* Sources */,
				EE9BBF0A285A4774006CF45B /* Frameworks */,
				EE9BBF0B285A4774006CF45B /* Resources */,
			);
			buildRules = (
			);
			dependencies = (
				EE9BBF0F285A4774006CF45B /* PBXTargetDependency */,
			);
			name = FlixterTests;
			productName = FlixterTests;
			productReference = EE9BBF0D285A4774006CF45B /* FlixterTests.xctest */;
			productType = "com.apple.product-type.bundle.unit-test";
		};
		EE9BBF16285A4774006CF45B /* FlixterUITests */ = {
			isa = PBXNativeTarget;
			buildConfigurationList = EE9BBF27285A4774006CF45B /* Build configuration list for PBXNativeTarget "FlixterUITests" */;
			buildPhases = (
				EE9BBF13285A4774006CF45B /* Sources */,
				EE9BBF14285A4774006CF45B /* Frameworks */,
				EE9BBF15285A4774006CF45B /* Resources */,
			);
			buildRules = (
			);
			dependencies = (
				EE9BBF19285A4774006CF45B /* PBXTargetDependency */,
			);
			name = FlixterUITests;
			productName = FlixterUITests;
			productReference = EE9BBF17285A4774006CF45B /* FlixterUITests.xctest */;
			productType = "com.apple.product-type.bundle.ui-testing";
		};
/* End PBXNativeTarget section */

/* Begin PBXProject section */
		EE9BBEEA285A4772006CF45B /* Project object */ = {
			isa = PBXProject;
			attributes = {
				BuildIndependentTargetsInParallel = 1;
				LastUpgradeCheck = 1340;
				TargetAttributes = {
					EE9BBEF1285A4772006CF45B = {
						CreatedOnToolsVersion = 13.4.1;
					};
					EE9BBF0C285A4774006CF45B = {
						CreatedOnToolsVersion = 13.4.1;
						TestTargetID = EE9BBEF1285A4772006CF45B;
					};
					EE9BBF16285A4774006CF45B = {
						CreatedOnToolsVersion = 13.4.1;
						TestTargetID = EE9BBEF1285A4772006CF45B;
					};
				};
			};
			buildConfigurationList = EE9BBEED285A4772006CF45B /* Build configuration list for PBXProject "Flixter" */;
			compatibilityVersion = "Xcode 13.0";
			developmentRegion = en;
			hasScannedForEncodings = 0;
			knownRegions = (
				en,
				Base,
			);
			mainGroup = EE9BBEE9285A4772006CF45B;
			productRefGroup = EE9BBEF3285A4772006CF45B /* Products */;
			projectDirPath = "";
			projectRoot = "";
			targets = (
				EE9BBEF1285A4772006CF45B /* Flixter */,
				EE9BBF0C285A4774006CF45B /* FlixterTests */,
				EE9BBF16285A4774006CF45B /* FlixterUITests */,
			);
		};
/* End PBXProject section */

/* Begin PBXResourcesBuildPhase section */
		EE9BBEF0285A4772006CF45B /* Resources */ = {
			isa = PBXResourcesBuildPhase;
			buildActionMask = 2147483647;
			files = (
				EE9BBF05285A4774006CF45B /* LaunchScreen.storyboard in Resources */,
				EE9BBF02285A4774006CF45B /* Assets.xcassets in Resources */,
				EE9BBF00285A4772006CF45B /* Main.storyboard in Resources */,
			);
			runOnlyForDeploymentPostprocessing = 0;
		};
		EE9BBF0B285A4774006CF45B /* Resources */ = {
			isa = PBXResourcesBuildPhase;
			buildActionMask = 2147483647;
			files = (
			);
			runOnlyForDeploymentPostprocessing = 0;
		};
		EE9BBF15285A4774006CF45B /* Resources */ = {
			isa = PBXResourcesBuildPhase;
			buildActionMask = 2147483647;
			files = (
			);
			runOnlyForDeploymentPostprocessing = 0;
		};
/* End PBXResourcesBuildPhase section */

/* Begin PBXSourcesBuildPhase section */
		EE9BBEEE285A4772006CF45B /* Sources */ = {
			isa = PBXSourcesBuildPhase;
			buildActionMask = 2147483647;
			files = (
				EE9BBEFD285A4772006CF45B /* ViewController.m in Sources */,
				EE9BBEF7285A4772006CF45B /* AppDelegate.m in Sources */,
				EE9BBF08285A4774006CF45B /* main.m in Sources */,
				EE9BBEFA285A4772006CF45B /* SceneDelegate.m in Sources */,
			);
			runOnlyForDeploymentPostprocessing = 0;
		};
		EE9BBF09285A4774006CF45B /* Sources */ = {
			isa = PBXSourcesBuildPhase;
			buildActionMask = 2147483647;
			files = (
				EE9BBF12285A4774006CF45B /* FlixterTests.m in Sources */,
			);
			runOnlyForDeploymentPostprocessing = 0;
		};
		EE9BBF13285A4774006CF45B /* Sources */ = {
			isa = PBXSourcesBuildPhase;
			buildActionMask = 2147483647;
			files = (
				EE9BBF1C285A4774006CF45B /* FlixterUITests.m in Sources */,
				EE9BBF1E285A4774006CF45B /* FlixterUITestsLaunchTests.m in Sources */,
			);
			runOnlyForDeploymentPostprocessing = 0;
		};
/* End PBXSourcesBuildPhase section */

/* Begin PBXTargetDependency section */
		EE9BBF0F285A4774006CF45B /* PBXTargetDependency */ = {
			isa = PBXTargetDependency;
			target = EE9BBEF1285A4772006CF45B /* Flixter */;
			targetProxy = EE9BBF0E285A4774006CF45B /* PBXContainerItemProxy */;
		};
		EE9BBF19285A4774006CF45B /* PBXTargetDependency */ = {
			isa = PBXTargetDependency;
			target = EE9BBEF1285A4772006CF45B /* Flixter */;
			targetProxy = EE9BBF18285A4774006CF45B /* PBXContainerItemProxy */;
		};
/* End PBXTargetDependency section */

/* Begin PBXVariantGroup section */
		EE9BBEFE285A4772006CF45B /* Main.storyboard */ = {
			isa = PBXVariantGroup;
			children = (
				EE9BBEFF285A4772006CF45B /* Base */,
			);
			name = Main.storyboard;
			sourceTree = "<group>";
		};
		EE9BBF03285A4774006CF45B /* LaunchScreen.storyboard */ = {
			isa = PBXVariantGroup;
			children = (
				EE9BBF04285A4774006CF45B /* Base */,
			);
			name = LaunchScreen.storyboard;
			sourceTree = "<group>";
		};
/* End PBXVariantGroup section */

/* Begin XCBuildConfiguration section */
		EE9BBF1F285A4774006CF45B /* Debug */ = {
			isa = XCBuildConfiguration;
			buildSettings = {
				ALWAYS_SEARCH_USER_PATHS = NO;
				CLANG_ANALYZER_NONNULL = YES;
				CLANG_ANALYZER_NUMBER_OBJECT_CONVERSION = YES_AGGRESSIVE;
				CLANG_CXX_LANGUAGE_STANDARD = "gnu++17";
				CLANG_ENABLE_MODULES = YES;
				CLANG_ENABLE_OBJC_ARC = YES;
				CLANG_ENABLE_OBJC_WEAK = YES;
				CLANG_WARN_BLOCK_CAPTURE_AUTORELEASING = YES;
				CLANG_WARN_BOOL_CONVERSION = YES;
				CLANG_WARN_COMMA = YES;
				CLANG_WARN_CONSTANT_CONVERSION = YES;
				CLANG_WARN_DEPRECATED_OBJC_IMPLEMENTATIONS = YES;
				CLANG_WARN_DIRECT_OBJC_ISA_USAGE = YES_ERROR;
				CLANG_WARN_DOCUMENTATION_COMMENTS = YES;
				CLANG_WARN_EMPTY_BODY = YES;
				CLANG_WARN_ENUM_CONVERSION = YES;
				CLANG_WARN_INFINITE_RECURSION = YES;
				CLANG_WARN_INT_CONVERSION = YES;
				CLANG_WARN_NON_LITERAL_NULL_CONVERSION = YES;
				CLANG_WARN_OBJC_IMPLICIT_RETAIN_SELF = YES;
				CLANG_WARN_OBJC_LITERAL_CONVERSION = YES;
				CLANG_WARN_OBJC_ROOT_CLASS = YES_ERROR;
				CLANG_WARN_QUOTED_INCLUDE_IN_FRAMEWORK_HEADER = YES;
				CLANG_WARN_RANGE_LOOP_ANALYSIS = YES;
				CLANG_WARN_STRICT_PROTOTYPES = YES;
				CLANG_WARN_SUSPICIOUS_MOVE = YES;
				CLANG_WARN_UNGUARDED_AVAILABILITY = YES_AGGRESSIVE;
				CLANG_WARN_UNREACHABLE_CODE = YES;
				CLANG_WARN__DUPLICATE_METHOD_MATCH = YES;
				COPY_PHASE_STRIP = NO;
				DEBUG_INFORMATION_FORMAT = dwarf;
				ENABLE_STRICT_OBJC_MSGSEND = YES;
				ENABLE_TESTABILITY = YES;
				GCC_C_LANGUAGE_STANDARD = gnu11;
				GCC_DYNAMIC_NO_PIC = NO;
				GCC_NO_COMMON_BLOCKS = YES;
				GCC_OPTIMIZATION_LEVEL = 0;
				GCC_PREPROCESSOR_DEFINITIONS = (
					"DEBUG=1",
					"$(inherited)",
				);
				GCC_WARN_64_TO_32_BIT_CONVERSION = YES;
				GCC_WARN_ABOUT_RETURN_TYPE = YES_ERROR;
				GCC_WARN_UNDECLARED_SELECTOR = YES;
				GCC_WARN_UNINITIALIZED_AUTOS = YES_AGGRESSIVE;
				GCC_WARN_UNUSED_FUNCTION = YES;
				GCC_WARN_UNUSED_VARIABLE = YES;
				IPHONEOS_DEPLOYMENT_TARGET = 15.5;
				MTL_ENABLE_DEBUG_INFO = INCLUDE_SOURCE;
				MTL_FAST_MATH = YES;
				ONLY_ACTIVE_ARCH = YES;
				SDKROOT = iphoneos;
			};
			name = Debug;
		};
		EE9BBF20285A4774006CF45B /* Release */ = {
			isa = XCBuildConfiguration;
			buildSettings = {
				ALWAYS_SEARCH_USER_PATHS = NO;
				CLANG_ANALYZER_NONNULL = YES;
				CLANG_ANALYZER_NUMBER_OBJECT_CONVERSION = YES_AGGRESSIVE;
				CLANG_CXX_LANGUAGE_STANDARD = "gnu++17";
				CLANG_ENABLE_MODULES = YES;
				CLANG_ENABLE_OBJC_ARC = YES;
				CLANG_ENABLE_OBJC_WEAK = YES;
				CLANG_WARN_BLOCK_CAPTURE_AUTORELEASING = YES;
				CLANG_WARN_BOOL_CONVERSION = YES;
				CLANG_WARN_COMMA = YES;
				CLANG_WARN_CONSTANT_CONVERSION = YES;
				CLANG_WARN_DEPRECATED_OBJC_IMPLEMENTATIONS = YES;
				CLANG_WARN_DIRECT_OBJC_ISA_USAGE = YES_ERROR;
				CLANG_WARN_DOCUMENTATION_COMMENTS = YES;
				CLANG_WARN_EMPTY_BODY = YES;
				CLANG_WARN_ENUM_CONVERSION = YES;
				CLANG_WARN_INFINITE_RECURSION = YES;
				CLANG_WARN_INT_CONVERSION = YES;
				CLANG_WARN_NON_LITERAL_NULL_CONVERSION = YES;
				CLANG_WARN_OBJC_IMPLICIT_RETAIN_SELF = YES;
				CLANG_WARN_OBJC_LITERAL_CONVERSION = YES;
				CLANG_WARN_OBJC_ROOT_CLASS = YES_ERROR;
				CLANG_WARN_QUOTED_INCLUDE_IN_FRAMEWORK_HEADER = YES;
				CLANG_WARN_RANGE_LOOP_ANALYSIS = YES;
				CLANG_WARN_STRICT_PROTOTYPES = YES;
				CLANG_WARN_SUSPICIOUS_MOVE = YES;
				CLANG_WARN_UNGUARDED_AVAILABILITY = YES_AGGRESSIVE;
				CLANG_WARN_UNREACHABLE_CODE = YES;
				CLANG_WARN__DUPLICATE_METHOD_MATCH = YES;
				COPY_PHASE_STRIP = NO;
				DEBUG_INFORMATION_FORMAT = "dwarf-with-dsym";
				ENABLE_NS_ASSERTIONS = NO;
				ENABLE_STRICT_OBJC_MSGSEND = YES;
				GCC_C_LANGUAGE_STANDARD = gnu11;
				GCC_NO_COMMON_BLOCKS = YES;
				GCC_WARN_64_TO_32_BIT_CONVERSION = YES;
				GCC_WARN_ABOUT_RETURN_TYPE = YES_ERROR;
				GCC_WARN_UNDECLARED_SELECTOR = YES;
				GCC_WARN_UNINITIALIZED_AUTOS = YES_AGGRESSIVE;
				GCC_WARN_UNUSED_FUNCTION = YES;
				GCC_WARN_UNUSED_VARIABLE = YES;
				IPHONEOS_DEPLOYMENT_TARGET = 15.5;
				MTL_ENABLE_DEBUG_INFO = NO;
				MTL_FAST_MATH = YES;
				SDKROOT = iphoneos;
				VALIDATE_PRODUCT = YES;
			};
			name = Release;
		};
		EE9BBF22285A4774006CF45B /* Debug */ = {
			isa = XCBuildConfiguration;
			buildSettings = {
				ASSETCATALOG_COMPILER_APPICON_NAME = AppIcon;
				ASSETCATALOG_COMPILER_GLOBAL_ACCENT_COLOR_NAME = AccentColor;
				CODE_SIGN_STYLE = Automatic;
				CURRENT_PROJECT_VERSION = 1;
				GENERATE_INFOPLIST_FILE = YES;
				INFOPLIST_FILE = Flixter/Info.plist;
				INFOPLIST_KEY_UIApplicationSupportsIndirectInputEvents = YES;
				INFOPLIST_KEY_UILaunchStoryboardName = LaunchScreen;
				INFOPLIST_KEY_UIMainStoryboardFile = Main;
				INFOPLIST_KEY_UISupportedInterfaceOrientations_iPad = "UIInterfaceOrientationPortrait UIInterfaceOrientationPortraitUpsideDown UIInterfaceOrientationLandscapeLeft UIInterfaceOrientationLandscapeRight";
				INFOPLIST_KEY_UISupportedInterfaceOrientations_iPhone = "UIInterfaceOrientationPortrait UIInterfaceOrientationLandscapeLeft UIInterfaceOrientationLandscapeRight";
				LD_RUNPATH_SEARCH_PATHS = (
					"$(inherited)",
					"@executable_path/Frameworks",
				);
				MARKETING_VERSION = 1.0;
				PRODUCT_BUNDLE_IDENTIFIER = com.codepath.Flixter;
				PRODUCT_NAME = "$(TARGET_NAME)";
				SWIFT_EMIT_LOC_STRINGS = YES;
				TARGETED_DEVICE_FAMILY = "1,2";
			};
			name = Debug;
		};
		EE9BBF23285A4774006CF45B /* Release */ = {
			isa = XCBuildConfiguration;
			buildSettings = {
				ASSETCATALOG_COMPILER_APPICON_NAME = AppIcon;
				ASSETCATALOG_COMPILER_GLOBAL_ACCENT_COLOR_NAME = AccentColor;
				CODE_SIGN_STYLE = Automatic;
				CURRENT_PROJECT_VERSION = 1;
				GENERATE_INFOPLIST_FILE = YES;
				INFOPLIST_FILE = Flixter/Info.plist;
				INFOPLIST_KEY_UIApplicationSupportsIndirectInputEvents = YES;
				INFOPLIST_KEY_UILaunchStoryboardName = LaunchScreen;
				INFOPLIST_KEY_UIMainStoryboardFile = Main;
				INFOPLIST_KEY_UISupportedInterfaceOrientations_iPad = "UIInterfaceOrientationPortrait UIInterfaceOrientationPortraitUpsideDown UIInterfaceOrientationLandscapeLeft UIInterfaceOrientationLandscapeRight";
				INFOPLIST_KEY_UISupportedInterfaceOrientations_iPhone = "UIInterfaceOrientationPortrait UIInterfaceOrientationLandscapeLeft UIInterfaceOrientationLandscapeRight";
				LD_RUNPATH_SEARCH_PATHS = (
					"$(inherited)",
					"@executable_path/Frameworks",
				);
				MARKETING_VERSION = 1.0;
				PRODUCT_BUNDLE_IDENTIFIER = com.codepath.Flixter;
				PRODUCT_NAME = "$(TARGET_NAME)";
				SWIFT_EMIT_LOC_STRINGS = YES;
				TARGETED_DEVICE_FAMILY = "1,2";
			};
			name = Release;
		};
		EE9BBF25285A4774006CF45B /* Debug */ = {
			isa = XCBuildConfiguration;
			buildSettings = {
				BUNDLE_LOADER = "$(TEST_HOST)";
				CODE_SIGN_STYLE = Automatic;
				CURRENT_PROJECT_VERSION = 1;
				GENERATE_INFOPLIST_FILE = YES;
				IPHONEOS_DEPLOYMENT_TARGET = 15.5;
				MARKETING_VERSION = 1.0;
				PRODUCT_BUNDLE_IDENTIFIER = com.codepath.FlixterTests;
				PRODUCT_NAME = "$(TARGET_NAME)";
				SWIFT_EMIT_LOC_STRINGS = NO;
				TARGETED_DEVICE_FAMILY = "1,2";
				TEST_HOST = "$(BUILT_PRODUCTS_DIR)/Flixter.app/Flixter";
			};
			name = Debug;
		};
		EE9BBF26285A4774006CF45B /* Release */ = {
			isa = XCBuildConfiguration;
			buildSettings = {
				BUNDLE_LOADER = "$(TEST_HOST)";
				CODE_SIGN_STYLE = Automatic;
				CURRENT_PROJECT_VERSION = 1;
				GENERATE_INFOPLIST_FILE = YES;
				IPHONEOS_DEPLOYMENT_TARGET = 15.5;
				MARKETING_VERSION = 1.0;
				PRODUCT_BUNDLE_IDENTIFIER = com.codepath.FlixterTests;
				PRODUCT_NAME = "$(TARGET_NAME)";
				SWIFT_EMIT_LOC_STRINGS = NO;
				TARGETED_DEVICE_FAMILY = "1,2";
				TEST_HOST = "$(BUILT_PRODUCTS_DIR)/Flixter.app/Flixter";
			};
			name = Release;
		};
		EE9BBF28285A4774006CF45B /* Debug */ = {
			isa = XCBuildConfiguration;
			buildSettings = {
				CODE_SIGN_STYLE = Automatic;
				CURRENT_PROJECT_VERSION = 1;
				GENERATE_INFOPLIST_FILE = YES;
				MARKETING_VERSION = 1.0;
				PRODUCT_BUNDLE_IDENTIFIER = com.codepath.FlixterUITests;
				PRODUCT_NAME = "$(TARGET_NAME)";
				SWIFT_EMIT_LOC_STRINGS = NO;
				TARGETED_DEVICE_FAMILY = "1,2";
				TEST_TARGET_NAME = Flixter;
			};
			name = Debug;
		};
		EE9BBF29285A4774006CF45B /* Release */ = {
			isa = XCBuildConfiguration;
			buildSettings = {
				CODE_SIGN_STYLE = Automatic;
				CURRENT_PROJECT_VERSION = 1;
				GENERATE_INFOPLIST_FILE = YES;
				MARKETING_VERSION = 1.0;
				PRODUCT_BUNDLE_IDENTIFIER = com.codepath.FlixterUITests;
				PRODUCT_NAME = "$(TARGET_NAME)";
				SWIFT_EMIT_LOC_STRINGS = NO;
				TARGETED_DEVICE_FAMILY = "1,2";
				TEST_TARGET_NAME = Flixter;
			};
			name = Release;
		};
/* End XCBuildConfiguration section */

/* Begin XCConfigurationList section */
		EE9BBEED285A4772006CF45B /* Build configuration list for PBXProject "Flixter" */ = {
			isa = XCConfigurationList;
			buildConfigurations = (
				EE9BBF1F285A4774006CF45B /* Debug */,
				EE9BBF20285A4774006CF45B /* Release */,
			);
			defaultConfigurationIsVisible = 0;
			defaultConfigurationName = Release;
		};
		EE9BBF21285A4774006CF45B /* Build configuration list for PBXNativeTarget "Flixter" */ = {
			isa = XCConfigurationList;
			buildConfigurations = (
				EE9BBF22285A4774006CF45B /* Debug */,
				EE9BBF23285A4774006CF45B /* Release */,
			);
			defaultConfigurationIsVisible = 0;
			defaultConfigurationName = Release;
		};
		EE9BBF24285A4774006CF45B /* Build configuration list for PBXNativeTarget "FlixterTests" */ = {
			isa = XCConfigurationList;
			buildConfigurations = (
				EE9BBF25285A4774006CF45B /* Debug */,
				EE9BBF26285A4774006CF45B /* Release */,
			);
			defaultConfigurationIsVisible = 0;
			defaultConfigurationName = Release;
		};
		EE9BBF27285A4774006CF45B /* Build configuration list for PBXNativeTarget "FlixterUITests" */ = {
			isa = XCConfigurationList;
			buildConfigurations = (
				EE9BBF28285A4774006CF45B /* Debug */,
				EE9BBF29285A4774006CF45B /* Release */,
			);
			defaultConfigurationIsVisible = 0;
			defaultConfigurationName = Release;
		};
/* End XCConfigurationList section */
	};
	rootObject = EE9BBEEA285A4772006CF45B /* Project object */;
}
